
Microsoft Visual Studio Solution File, Format Version 12.00
# Visual Studio Version 16
VisualStudioVersion = 16.0.30503.244
MinimumVisualStudioVersion = 10.0.40219.1
Project("{FAE04EC0-301F-11D3-BF4B-00C04F79EFBC}") = "1", "1.csproj", "{6C65A002-7836-4C53-ADAD-771FC68C9867}"
EndProject
Project("{FAE04EC0-301F-11D3-BF4B-00C04F79EFBC}") = "2", "..\2\2.csproj", "{2C7D9561-C05C-4E05-ACD6-D76BC0F88A1D}"
EndProject
Project("{FAE04EC0-301F-11D3-BF4B-00C04F79EFBC}") = "3", "..\3\3.csproj", "{3D01A9A0-0E9A-45B3-9037-398382926571}"
EndProject
Global
	GlobalSection(SolutionConfigurationPlatforms) = preSolution
		Debug|Any CPU = Debug|Any CPU
		Release|Any CPU = Release|Any CPU
	EndGlobalSection
	GlobalSection(ProjectConfigurationPlatforms) = postSolution
		{6C65A002-7836-4C53-ADAD-771FC68C9867}.Debug|Any CPU.ActiveCfg = Debug|Any CPU
		{6C65A002-7836-4C53-ADAD-771FC68C9867}.Debug|Any CPU.Build.0 = Debug|Any CPU
		{6C65A002-7836-4C53-ADAD-771FC68C9867}.Release|Any CPU.ActiveCfg = Release|Any CPU
		{6C65A002-7836-4C53-ADAD-771FC68C9867}.Release|Any CPU.Build.0 = Release|Any CPU
		{2C7D9561-C05C-4E05-ACD6-D76BC0F88A1D}.Debug|Any CPU.ActiveCfg = Debug|Any CPU
		{2C7D9561-C05C-4E05-ACD6-D76BC0F88A1D}.Debug|Any CPU.Build.0 = Debug|Any CPU
		{2C7D9561-C05C-4E05-ACD6-D76BC0F88A1D}.Release|Any CPU.ActiveCfg = Release|Any CPU
		{2C7D9561-C05C-4E05-ACD6-D76BC0F88A1D}.Release|Any CPU.Build.0 = Release|Any CPU
		{3D01A9A0-0E9A-45B3-9037-398382926571}.Debug|Any CPU.ActiveCfg = Debug|Any CPU
		{3D01A9A0-0E9A-45B3-9037-398382926571}.Debug|Any CPU.Build.0 = Debug|Any CPU
		{3D01A9A0-0E9A-45B3-9037-398382926571}.Release|Any CPU.ActiveCfg = Release|Any CPU
		{3D01A9A0-0E9A-45B3-9037-398382926571}.Release|Any CPU.Build.0 = Release|Any CPU
	EndGlobalSection
	GlobalSection(SolutionProperties) = preSolution
		HideSolutionNode = FALSE
	EndGlobalSection
	GlobalSection(ExtensibilityGlobals) = postSolution
		SolutionGuid = {B705E5EC-43FC-4A3B-95C8-AD147786472E}
	EndGlobalSection
EndGlobal
